{
  "name": "start-wars-package",
  "version": "1.0.0",
  "lockfileVersion": 2,
  "requires": true,
  "packages": {
    "": {
      "version": "1.0.0",
      "license": "MIT",
      "dependencies": {
        "unique-random-array": "1.0.0"
      }
    },
    "node_modules/unique-random": {
      "version": "1.0.0",
      "resolved": "https://registry.npmjs.org/unique-random/-/unique-random-1.0.0.tgz",
      "integrity": "sha1-zj4iTIJCzTOg53sNcYDXfmti0MQ=",
      "engines": {
        "node": ">=0.10.0"
      }
    },
    "node_modules/unique-random-array": {
      "version": "1.0.0",
      "resolved": "https://registry.npmjs.org/unique-random-array/-/unique-random-array-1.0.0.tgz",
      "integrity": "sha1-QrNyHFeTiNi2Z8k8Lb3j1dgakTY=",
      "dependencies": {
        "unique-random": "^1.0.0"
      },
      "engines": {
        "node": ">=0.10.0"
      }
    }
  },
  "dependencies": {
    "unique-random": {
      "version": "1.0.0",
      "resolved": "https://registry.npmjs.org/unique-random/-/unique-random-1.0.0.tgz",
      "integrity": "sha1-zj4iTIJCzTOg53sNcYDXfmti0MQ="
    },
    "unique-random-array": {
      "version": "1.0.0",
      "resolved": "https://registry.npmjs.org/unique-random-array/-/unique-random-array-1.0.0.tgz",
      "integrity": "sha1-QrNyHFeTiNi2Z8k8Lb3j1dgakTY=",
      "requires": {
        "unique-random": "^1.0.0"
      }
    }
  }
}
